
Microsoft Visual Studio Solution File, Format Version 12.00
# Visual Studio Version 17
VisualStudioVersion = 17.6.33712.159
MinimumVisualStudioVersion = 10.0.40219.1
Project("{FAE04EC0-301F-11D3-BF4B-00C04F79EFBC}") = "Colores_Tarea9", "Colores_Tarea9.csproj", "{C21F56FD-682E-42BC-9312-0FC4E32A3B87}"
EndProject
Global
	GlobalSection(SolutionConfigurationPlatforms) = preSolution
		Debug|Any CPU = Debug|Any CPU
		Release|Any CPU = Release|Any CPU
	EndGlobalSection
	GlobalSection(ProjectConfigurationPlatforms) = postSolution
		{C21F56FD-682E-42BC-9312-0FC4E32A3B87}.Debug|Any CPU.ActiveCfg = Debug|Any CPU
		{C21F56FD-682E-42BC-9312-0FC4E32A3B87}.Debug|Any CPU.Build.0 = Debug|Any CPU
		{C21F56FD-682E-42BC-9312-0FC4E32A3B87}.Release|Any CPU.ActiveCfg = Release|Any CPU
		{C21F56FD-682E-42BC-9312-0FC4E32A3B87}.Release|Any CPU.Build.0 = Release|Any CPU
	EndGlobalSection
	GlobalSection(SolutionProperties) = preSolution
		HideSolutionNode = FALSE
	EndGlobalSection
	GlobalSection(ExtensibilityGlobals) = postSolution
		SolutionGuid = {F71EE266-9B76-4F45-A3B3-C1B872470DDC}
	EndGlobalSection
EndGlobal
